
Microsoft Visual Studio Solution File, Format Version 12.00
# Visual Studio 14
VisualStudioVersion = 14.0.25420.1
MinimumVisualStudioVersion = 10.0.40219.1
Project("{2150E333-8FDC-42A3-9474-1A3956D46DE8}") = "Engine", "Engine", "{62096781-F636-4DC3-8466-F7965B76E010}"
EndProject
Project("{2150E333-8FDC-42A3-9474-1A3956D46DE8}") = "Games", "Games", "{F896AE2A-7987-46C4-88D6-0AEBAA312BD4}"
EndProject
Project("{8BC9CEB8-8B4A-11D0-8D11-00A0C91BC942}") = "UE4", "Intermediate\ProjectFiles\UE4.vcxproj", "{DEA9AF84-0815-426C-8AAE-34696E8C3722}"
EndProject
Project("{8BC9CEB8-8B4A-11D0-8D11-00A0C91BC942}") = "MasteringUnreal", "Intermediate\ProjectFiles\MasteringUnreal.vcxproj", "{FD014444-E992-43B9-8651-E0725AE167FD}"
EndProject
Global
	GlobalSection(SolutionConfigurationPlatforms) = preSolution
		DebugGame Editor|HTML5 = DebugGame Editor|HTML5
		DebugGame Editor|IOS = DebugGame Editor|IOS
		DebugGame Editor|Win32 = DebugGame Editor|Win32
		DebugGame Editor|Win64 = DebugGame Editor|Win64
		DebugGame|HTML5 = DebugGame|HTML5
		DebugGame|IOS = DebugGame|IOS
		DebugGame|Win32 = DebugGame|Win32
		DebugGame|Win64 = DebugGame|Win64
		Development Editor|HTML5 = Development Editor|HTML5
		Development Editor|IOS = Development Editor|IOS
		Development Editor|Win32 = Development Editor|Win32
		Development Editor|Win64 = Development Editor|Win64
		Development|HTML5 = Development|HTML5
		Development|IOS = Development|IOS
		Development|Win32 = Development|Win32
		Development|Win64 = Development|Win64
		Shipping|HTML5 = Shipping|HTML5
		Shipping|IOS = Shipping|IOS
		Shipping|Win32 = Shipping|Win32
		Shipping|Win64 = Shipping|Win64
	EndGlobalSection
	GlobalSection(ProjectConfigurationPlatforms) = postSolution
		{DEA9AF84-0815-426C-8AAE-34696E8C3722}.DebugGame Editor|HTML5.ActiveCfg = BuiltWithUnrealBuildTool|Win32
		{DEA9AF84-0815-426C-8AAE-34696E8C3722}.DebugGame Editor|HTML5.Build.0 = BuiltWithUnrealBuildTool|Win32
		{DEA9AF84-0815-426C-8AAE-34696E8C3722}.DebugGame Editor|IOS.ActiveCfg = BuiltWithUnrealBuildTool|Win32
		{DEA9AF84-0815-426C-8AAE-34696E8C3722}.DebugGame Editor|IOS.Build.0 = BuiltWithUnrealBuildTool|Win32
		{DEA9AF84-0815-426C-8AAE-34696E8C3722}.DebugGame Editor|Win32.ActiveCfg = BuiltWithUnrealBuildTool|Win32
		{DEA9AF84-0815-426C-8AAE-34696E8C3722}.DebugGame Editor|Win32.Build.0 = BuiltWithUnrealBuildTool|Win32
		{DEA9AF84-0815-426C-8AAE-34696E8C3722}.DebugGame Editor|Win64.ActiveCfg = BuiltWithUnrealBuildTool|Win32
		{DEA9AF84-0815-426C-8AAE-34696E8C3722}.DebugGame Editor|Win64.Build.0 = BuiltWithUnrealBuildTool|Win32
		{DEA9AF84-0815-426C-8AAE-34696E8C3722}.DebugGame|HTML5.ActiveCfg = BuiltWithUnrealBuildTool|Win32
		{DEA9AF84-0815-426C-8AAE-34696E8C3722}.DebugGame|HTML5.Build.0 = BuiltWithUnrealBuildTool|Win32
		{DEA9AF84-0815-426C-8AAE-34696E8C3722}.DebugGame|IOS.ActiveCfg = BuiltWithUnrealBuildTool|Win32
		{DEA9AF84-0815-426C-8AAE-34696E8C3722}.DebugGame|IOS.Build.0 = BuiltWithUnrealBuildTool|Win32
		{DEA9AF84-0815-426C-8AAE-34696E8C3722}.DebugGame|Win32.ActiveCfg = BuiltWithUnrealBuildTool|Win32
		{DEA9AF84-0815-426C-8AAE-34696E8C3722}.DebugGame|Win32.Build.0 = BuiltWithUnrealBuildTool|Win32
		{DEA9AF84-0815-426C-8AAE-34696E8C3722}.DebugGame|Win64.ActiveCfg = BuiltWithUnrealBuildTool|Win32
		{DEA9AF84-0815-426C-8AAE-34696E8C3722}.DebugGame|Win64.Build.0 = BuiltWithUnrealBuildTool|Win32
		{DEA9AF84-0815-426C-8AAE-34696E8C3722}.Development Editor|HTML5.ActiveCfg = BuiltWithUnrealBuildTool|Win32
		{DEA9AF84-0815-426C-8AAE-34696E8C3722}.Development Editor|HTML5.Build.0 = BuiltWithUnrealBuildTool|Win32
		{DEA9AF84-0815-426C-8AAE-34696E8C3722}.Development Editor|IOS.ActiveCfg = BuiltWithUnrealBuildTool|Win32
		{DEA9AF84-0815-426C-8AAE-34696E8C3722}.Development Editor|IOS.Build.0 = BuiltWithUnrealBuildTool|Win32
		{DEA9AF84-0815-426C-8AAE-34696E8C3722}.Development Editor|Win32.ActiveCfg = BuiltWithUnrealBuildTool|Win32
		{DEA9AF84-0815-426C-8AAE-34696E8C3722}.Development Editor|Win32.Build.0 = BuiltWithUnrealBuildTool|Win32
		{DEA9AF84-0815-426C-8AAE-34696E8C3722}.Development Editor|Win64.ActiveCfg = BuiltWithUnrealBuildTool|Win32
		{DEA9AF84-0815-426C-8AAE-34696E8C3722}.Development Editor|Win64.Build.0 = BuiltWithUnrealBuildTool|Win32
		{DEA9AF84-0815-426C-8AAE-34696E8C3722}.Development|HTML5.ActiveCfg = BuiltWithUnrealBuildTool|Win32
		{DEA9AF84-0815-426C-8AAE-34696E8C3722}.Development|HTML5.Build.0 = BuiltWithUnrealBuildTool|Win32
		{DEA9AF84-0815-426C-8AAE-34696E8C3722}.Development|IOS.ActiveCfg = BuiltWithUnrealBuildTool|Win32
		{DEA9AF84-0815-426C-8AAE-34696E8C3722}.Development|IOS.Build.0 = BuiltWithUnrealBuildTool|Win32
		{DEA9AF84-0815-426C-8AAE-34696E8C3722}.Development|Win32.ActiveCfg = BuiltWithUnrealBuildTool|Win32
		{DEA9AF84-0815-426C-8AAE-34696E8C3722}.Development|Win32.Build.0 = BuiltWithUnrealBuildTool|Win32
		{DEA9AF84-0815-426C-8AAE-34696E8C3722}.Development|Win64.ActiveCfg = BuiltWithUnrealBuildTool|Win32
		{DEA9AF84-0815-426C-8AAE-34696E8C3722}.Development|Win64.Build.0 = BuiltWithUnrealBuildTool|Win32
		{DEA9AF84-0815-426C-8AAE-34696E8C3722}.Shipping|HTML5.ActiveCfg = BuiltWithUnrealBuildTool|Win32
		{DEA9AF84-0815-426C-8AAE-34696E8C3722}.Shipping|HTML5.Build.0 = BuiltWithUnrealBuildTool|Win32
		{DEA9AF84-0815-426C-8AAE-34696E8C3722}.Shipping|IOS.ActiveCfg = BuiltWithUnrealBuildTool|Win32
		{DEA9AF84-0815-426C-8AAE-34696E8C3722}.Shipping|IOS.Build.0 = BuiltWithUnrealBuildTool|Win32
		{DEA9AF84-0815-426C-8AAE-34696E8C3722}.Shipping|Win32.ActiveCfg = BuiltWithUnrealBuildTool|Win32
		{DEA9AF84-0815-426C-8AAE-34696E8C3722}.Shipping|Win32.Build.0 = BuiltWithUnrealBuildTool|Win32
		{DEA9AF84-0815-426C-8AAE-34696E8C3722}.Shipping|Win64.ActiveCfg = BuiltWithUnrealBuildTool|Win32
		{DEA9AF84-0815-426C-8AAE-34696E8C3722}.Shipping|Win64.Build.0 = BuiltWithUnrealBuildTool|Win32
		{FD014444-E992-43B9-8651-E0725AE167FD}.DebugGame Editor|HTML5.ActiveCfg = HTML5_DebugGame_Editor|Win32
		{FD014444-E992-43B9-8651-E0725AE167FD}.DebugGame Editor|IOS.ActiveCfg = IOS_DebugGame_Editor|Win32
		{FD014444-E992-43B9-8651-E0725AE167FD}.DebugGame Editor|Win32.ActiveCfg = DebugGame_Editor|Win32
		{FD014444-E992-43B9-8651-E0725AE167FD}.DebugGame Editor|Win64.ActiveCfg = DebugGame_Editor|x64
		{FD014444-E992-43B9-8651-E0725AE167FD}.DebugGame Editor|Win64.Build.0 = DebugGame_Editor|x64
		{FD014444-E992-43B9-8651-E0725AE167FD}.DebugGame|HTML5.ActiveCfg = HTML5_DebugGame_Game|Win32
		{FD014444-E992-43B9-8651-E0725AE167FD}.DebugGame|HTML5.Build.0 = HTML5_DebugGame_Game|Win32
		{FD014444-E992-43B9-8651-E0725AE167FD}.DebugGame|IOS.ActiveCfg = IOS_DebugGame_Game|Win32
		{FD014444-E992-43B9-8651-E0725AE167FD}.DebugGame|IOS.Build.0 = IOS_DebugGame_Game|Win32
		{FD014444-E992-43B9-8651-E0725AE167FD}.DebugGame|Win32.ActiveCfg = DebugGame_Game|Win32
		{FD014444-E992-43B9-8651-E0725AE167FD}.DebugGame|Win32.Build.0 = DebugGame_Game|Win32
		{FD014444-E992-43B9-8651-E0725AE167FD}.DebugGame|Win64.ActiveCfg = DebugGame_Game|x64
		{FD014444-E992-43B9-8651-E0725AE167FD}.DebugGame|Win64.Build.0 = DebugGame_Game|x64
		{FD014444-E992-43B9-8651-E0725AE167FD}.Development Editor|HTML5.ActiveCfg = HTML5_Development_Editor|Win32
		{FD014444-E992-43B9-8651-E0725AE167FD}.Development Editor|IOS.ActiveCfg = IOS_Development_Editor|Win32
		{FD014444-E992-43B9-8651-E0725AE167FD}.Development Editor|Win32.ActiveCfg = Development_Editor|Win32
		{FD014444-E992-43B9-8651-E0725AE167FD}.Development Editor|Win64.ActiveCfg = Development_Editor|x64
		{FD014444-E992-43B9-8651-E0725AE167FD}.Development Editor|Win64.Build.0 = Development_Editor|x64
		{FD014444-E992-43B9-8651-E0725AE167FD}.Development|HTML5.ActiveCfg = HTML5_Development_Game|Win32
		{FD014444-E992-43B9-8651-E0725AE167FD}.Development|HTML5.Build.0 = HTML5_Development_Game|Win32
		{FD014444-E992-43B9-8651-E0725AE167FD}.Development|IOS.ActiveCfg = IOS_Development_Game|Win32
		{FD014444-E992-43B9-8651-E0725AE167FD}.Development|IOS.Build.0 = IOS_Development_Game|Win32
		{FD014444-E992-43B9-8651-E0725AE167FD}.Development|Win32.ActiveCfg = Development_Game|Win32
		{FD014444-E992-43B9-8651-E0725AE167FD}.Development|Win32.Build.0 = Development_Game|Win32
		{FD014444-E992-43B9-8651-E0725AE167FD}.Development|Win64.ActiveCfg = Development_Game|x64
		{FD014444-E992-43B9-8651-E0725AE167FD}.Development|Win64.Build.0 = Development_Game|x64
		{FD014444-E992-43B9-8651-E0725AE167FD}.Shipping|HTML5.ActiveCfg = HTML5_Shipping_Game|Win32
		{FD014444-E992-43B9-8651-E0725AE167FD}.Shipping|HTML5.Build.0 = HTML5_Shipping_Game|Win32
		{FD014444-E992-43B9-8651-E0725AE167FD}.Shipping|IOS.ActiveCfg = IOS_Shipping_Game|Win32
		{FD014444-E992-43B9-8651-E0725AE167FD}.Shipping|IOS.Build.0 = IOS_Shipping_Game|Win32
		{FD014444-E992-43B9-8651-E0725AE167FD}.Shipping|Win32.ActiveCfg = Shipping_Game|Win32
		{FD014444-E992-43B9-8651-E0725AE167FD}.Shipping|Win32.Build.0 = Shipping_Game|Win32
		{FD014444-E992-43B9-8651-E0725AE167FD}.Shipping|Win64.ActiveCfg = Shipping_Game|x64
		{FD014444-E992-43B9-8651-E0725AE167FD}.Shipping|Win64.Build.0 = Shipping_Game|x64
	EndGlobalSection
	GlobalSection(SolutionProperties) = preSolution
		HideSolutionNode = FALSE
	EndGlobalSection
	GlobalSection(NestedProjects) = preSolution
		{DEA9AF84-0815-426C-8AAE-34696E8C3722} = {62096781-F636-4DC3-8466-F7965B76E010}
		{FD014444-E992-43B9-8651-E0725AE167FD} = {F896AE2A-7987-46C4-88D6-0AEBAA312BD4}
	EndGlobalSection
EndGlobal
